
Microsoft Visual Studio Solution File, Format Version 12.00
# Visual Studio Version 16
VisualStudioVersion = 16.0.31005.135
MinimumVisualStudioVersion = 10.0.40219.1
Project("{FAE04EC0-301F-11D3-BF4B-00C04F79EFBC}") = "WindowsFormsGraphics2", "WindowsFormsGraphics2.csproj", "{BA7EA44F-C770-4FF7-ABC8-86374F34D2B7}"
EndProject
Global
	GlobalSection(SolutionConfigurationPlatforms) = preSolution
		Debug|Any CPU = Debug|Any CPU
		Release|Any CPU = Release|Any CPU
	EndGlobalSection
	GlobalSection(ProjectConfigurationPlatforms) = postSolution
		{BA7EA44F-C770-4FF7-ABC8-86374F34D2B7}.Debug|Any CPU.ActiveCfg = Debug|Any CPU
		{BA7EA44F-C770-4FF7-ABC8-86374F34D2B7}.Debug|Any CPU.Build.0 = Debug|Any CPU
		{BA7EA44F-C770-4FF7-ABC8-86374F34D2B7}.Release|Any CPU.ActiveCfg = Release|Any CPU
		{BA7EA44F-C770-4FF7-ABC8-86374F34D2B7}.Release|Any CPU.Build.0 = Release|Any CPU
	EndGlobalSection
	GlobalSection(SolutionProperties) = preSolution
		HideSolutionNode = FALSE
	EndGlobalSection
	GlobalSection(ExtensibilityGlobals) = postSolution
		SolutionGuid = {944AD5C6-0882-405B-9E9D-2D3E34541904}
	EndGlobalSection
EndGlobal
